// !$*UTF8*$!
{
	archiveVersion = 1;
	classes = {
	};
	objectVersion = 56;
	objects = {

/* Begin PBXBuildFile section */
		4000E70C2A97CB080030365D /* CloudKitTestApp.swift in Sources */ = {isa = PBXBuildFile; fileRef = 4000E70B2A97CB080030365D /* CloudKitTestApp.swift */; };
		4000E70E2A97CB080030365D /* ContentView.swift in Sources */ = {isa = PBXBuildFile; fileRef = 4000E70D2A97CB080030365D /* ContentView.swift */; };
		4000E7102A97CB090030365D /* Assets.xcassets in Resources */ = {isa = PBXBuildFile; fileRef = 4000E70F2A97CB090030365D /* Assets.xcassets */; };
		4000E7132A97CB090030365D /* Preview Assets.xcassets in Resources */ = {isa = PBXBuildFile; fileRef = 4000E7122A97CB090030365D /* Preview Assets.xcassets */; };
		40069B552AF96F5C0056EA7F /* CloudKitCrudBootcampViewModel.swift in Sources */ = {isa = PBXBuildFile; fileRef = 40069B542AF96F5C0056EA7F /* CloudKitCrudBootcampViewModel.swift */; };
		40069B572AF96F7F0056EA7F /* CloudKitUserBootcampViewModel.swift in Sources */ = {isa = PBXBuildFile; fileRef = 40069B562AF96F7F0056EA7F /* CloudKitUserBootcampViewModel.swift */; };
		40069B5D2AF985D70056EA7F /* FruitModel.swift in Sources */ = {isa = PBXBuildFile; fileRef = 40069B5C2AF985D70056EA7F /* FruitModel.swift */; };
		409EA7EC2AF2DDA000548434 /* CloudKitCrudBootcamp.swift in Sources */ = {isa = PBXBuildFile; fileRef = 409EA7EB2AF2DDA000548434 /* CloudKitCrudBootcamp.swift */; };
/* End PBXBuildFile section */

/* Begin PBXFileReference section */
		4000E7082A97CB080030365D /* CloudKitTest.app */ = {isa = PBXFileReference; explicitFileType = wrapper.application; includeInIndex = 0; path = CloudKitTest.app; sourceTree = BUILT_PRODUCTS_DIR; };
		4000E70B2A97CB080030365D /* CloudKitTestApp.swift */ = {isa = PBXFileReference; lastKnownFileType = sourcecode.swift; path = CloudKitTestApp.swift; sourceTree = "<group>"; };
		4000E70D2A97CB080030365D /* ContentView.swift */ = {isa = PBXFileReference; lastKnownFileType = sourcecode.swift; path = ContentView.swift; sourceTree = "<group>"; };
		4000E70F2A97CB090030365D /* Assets.xcassets */ = {isa = PBXFileReference; lastKnownFileType = folder.assetcatalog; path = Assets.xcassets; sourceTree = "<group>"; };
		4000E7122A97CB090030365D /* Preview Assets.xcassets */ = {isa = PBXFileReference; lastKnownFileType = folder.assetcatalog; path = "Preview Assets.xcassets"; sourceTree = "<group>"; };
		4000E7192A97CDC80030365D /* CloudKitTest.entitlements */ = {isa = PBXFileReference; lastKnownFileType = text.plist.entitlements; path = CloudKitTest.entitlements; sourceTree = "<group>"; };
		40069B542AF96F5C0056EA7F /* CloudKitCrudBootcampViewModel.swift */ = {isa = PBXFileReference; lastKnownFileType = sourcecode.swift; path = CloudKitCrudBootcampViewModel.swift; sourceTree = "<group>"; };
		40069B562AF96F7F0056EA7F /* CloudKitUserBootcampViewModel.swift */ = {isa = PBXFileReference; lastKnownFileType = sourcecode.swift; path = CloudKitUserBootcampViewModel.swift; sourceTree = "<group>"; };
		40069B5C2AF985D70056EA7F /* FruitModel.swift */ = {isa = PBXFileReference; lastKnownFileType = sourcecode.swift; path = FruitModel.swift; sourceTree = "<group>"; };
		409EA7EB2AF2DDA000548434 /* CloudKitCrudBootcamp.swift */ = {isa = PBXFileReference; lastKnownFileType = sourcecode.swift; path = CloudKitCrudBootcamp.swift; sourceTree = "<group>"; };
/* End PBXFileReference section */

/* Begin PBXFrameworksBuildPhase section */
		4000E7052A97CB080030365D /* Frameworks */ = {
			isa = PBXFrameworksBuildPhase;
			buildActionMask = 2147483647;
			files = (
			);
			runOnlyForDeploymentPostprocessing = 0;
		};
/* End PBXFrameworksBuildPhase section */

/* Begin PBXGroup section */
		4000E6FF2A97CB080030365D = {
			isa = PBXGroup;
			children = (
				4000E70A2A97CB080030365D /* CloudKitTest */,
				4000E7092A97CB080030365D /* Products */,
			);
			sourceTree = "<group>";
		};
		4000E7092A97CB080030365D /* Products */ = {
			isa = PBXGroup;
			children = (
				4000E7082A97CB080030365D /* CloudKitTest.app */,
			);
			name = Products;
			sourceTree = "<group>";
		};
		4000E70A2A97CB080030365D /* CloudKitTest */ = {
			isa = PBXGroup;
			children = (
				4000E7192A97CDC80030365D /* CloudKitTest.entitlements */,
				40069B582AF96FE20056EA7F /* App */,
				40069B592AF985B30056EA7F /* Models */,
				40069B512AF96EA60056EA7F /* Viewmodels */,
				40069B502AF96E9D0056EA7F /* Views */,
				4000E7112A97CB090030365D /* Preview Content */,
			);
			path = CloudKitTest;
			sourceTree = "<group>";
		};
		4000E7112A97CB090030365D /* Preview Content */ = {
			isa = PBXGroup;
			children = (
				4000E7122A97CB090030365D /* Preview Assets.xcassets */,
			);
			path = "Preview Content";
			sourceTree = "<group>";
		};
		40069B502AF96E9D0056EA7F /* Views */ = {
			isa = PBXGroup;
			children = (
				409EA7EB2AF2DDA000548434 /* CloudKitCrudBootcamp.swift */,
				4000E70D2A97CB080030365D /* ContentView.swift */,
			);
			path = Views;
			sourceTree = "<group>";
		};
		40069B512AF96EA60056EA7F /* Viewmodels */ = {
			isa = PBXGroup;
			children = (
				40069B542AF96F5C0056EA7F /* CloudKitCrudBootcampViewModel.swift */,
				40069B562AF96F7F0056EA7F /* CloudKitUserBootcampViewModel.swift */,
			);
			path = Viewmodels;
			sourceTree = "<group>";
		};
		40069B582AF96FE20056EA7F /* App */ = {
			isa = PBXGroup;
			children = (
				4000E70F2A97CB090030365D /* Assets.xcassets */,
				4000E70B2A97CB080030365D /* CloudKitTestApp.swift */,
			);
			path = App;
			sourceTree = "<group>";
		};
		40069B592AF985B30056EA7F /* Models */ = {
			isa = PBXGroup;
			children = (
				40069B5C2AF985D70056EA7F /* FruitModel.swift */,
			);
			path = Models;
			sourceTree = "<group>";
		};
/* End PBXGroup section */

/* Begin PBXNativeTarget section */
		4000E7072A97CB080030365D /* CloudKitTest */ = {
			isa = PBXNativeTarget;
			buildConfigurationList = 4000E7162A97CB090030365D /* Build configuration list for PBXNativeTarget "CloudKitTest" */;
			buildPhases = (
				4000E7042A97CB080030365D /* Sources */,
				4000E7052A97CB080030365D /* Frameworks */,
				4000E7062A97CB080030365D /* Resources */,
			);
			buildRules = (
			);
			dependencies = (
			);
			name = CloudKitTest;
			productName = CloudKitTest;
			productReference = 4000E7082A97CB080030365D /* CloudKitTest.app */;
			productType = "com.apple.product-type.application";
		};
/* End PBXNativeTarget section */

/* Begin PBXProject section */
		4000E7002A97CB080030365D /* Project object */ = {
			isa = PBXProject;
			attributes = {
				BuildIndependentTargetsInParallel = 1;
				LastSwiftUpdateCheck = 1430;
				LastUpgradeCheck = 1430;
				TargetAttributes = {
					4000E7072A97CB080030365D = {
						CreatedOnToolsVersion = 14.3.1;
					};
				};
			};
			buildConfigurationList = 4000E7032A97CB080030365D /* Build configuration list for PBXProject "CloudKitTest" */;
			compatibilityVersion = "Xcode 14.0";
			developmentRegion = en;
			hasScannedForEncodings = 0;
			knownRegions = (
				en,
				Base,
			);
			mainGroup = 4000E6FF2A97CB080030365D;
			productRefGroup = 4000E7092A97CB080030365D /* Products */;
			projectDirPath = "";
			projectRoot = "";
			targets = (
				4000E7072A97CB080030365D /* CloudKitTest */,
			);
		};
/* End PBXProject section */

/* Begin PBXResourcesBuildPhase section */
		4000E7062A97CB080030365D /* Resources */ = {
			isa = PBXResourcesBuildPhase;
			buildActionMask = 2147483647;
			files = (
				4000E7132A97CB090030365D /* Preview Assets.xcassets in Resources */,
				4000E7102A97CB090030365D /* Assets.xcassets in Resources */,
			);
			runOnlyForDeploymentPostprocessing = 0;
		};
/* End PBXResourcesBuildPhase section */

/* Begin PBXSourcesBuildPhase section */
		4000E7042A97CB080030365D /* Sources */ = {
			isa = PBXSourcesBuildPhase;
			buildActionMask = 2147483647;
			files = (
				40069B572AF96F7F0056EA7F /* CloudKitUserBootcampViewModel.swift in Sources */,
				40069B552AF96F5C0056EA7F /* CloudKitCrudBootcampViewModel.swift in Sources */,
				4000E70E2A97CB080030365D /* ContentView.swift in Sources */,
				409EA7EC2AF2DDA000548434 /* CloudKitCrudBootcamp.swift in Sources */,
				40069B5D2AF985D70056EA7F /* FruitModel.swift in Sources */,
				4000E70C2A97CB080030365D /* CloudKitTestApp.swift in Sources */,
			);
			runOnlyForDeploymentPostprocessing = 0;
		};
/* End PBXSourcesBuildPhase section */

/* Begin XCBuildConfiguration section */
		4000E7142A97CB090030365D /* Debug */ = {
			isa = XCBuildConfiguration;
			buildSettings = {
				ALWAYS_SEARCH_USER_PATHS = NO;
				CLANG_ANALYZER_NONNULL = YES;
				CLANG_ANALYZER_NUMBER_OBJECT_CONVERSION = YES_AGGRESSIVE;
				CLANG_CXX_LANGUAGE_STANDARD = "gnu++20";
				CLANG_ENABLE_MODULES = YES;
				CLANG_ENABLE_OBJC_ARC = YES;
				CLANG_ENABLE_OBJC_WEAK = YES;
				CLANG_WARN_BLOCK_CAPTURE_AUTORELEASING = YES;
				CLANG_WARN_BOOL_CONVERSION = YES;
				CLANG_WARN_COMMA = YES;
				CLANG_WARN_CONSTANT_CONVERSION = YES;
				CLANG_WARN_DEPRECATED_OBJC_IMPLEMENTATIONS = YES;
				CLANG_WARN_DIRECT_OBJC_ISA_USAGE = YES_ERROR;
				CLANG_WARN_DOCUMENTATION_COMMENTS = YES;
				CLANG_WARN_EMPTY_BODY = YES;
				CLANG_WARN_ENUM_CONVERSION = YES;
				CLANG_WARN_INFINITE_RECURSION = YES;
				CLANG_WARN_INT_CONVERSION = YES;
				CLANG_WARN_NON_LITERAL_NULL_CONVERSION = YES;
				CLANG_WARN_OBJC_IMPLICIT_RETAIN_SELF = YES;
				CLANG_WARN_OBJC_LITERAL_CONVERSION = YES;
				CLANG_WARN_OBJC_ROOT_CLASS = YES_ERROR;
				CLANG_WARN_QUOTED_INCLUDE_IN_FRAMEWORK_HEADER = YES;
				CLANG_WARN_RANGE_LOOP_ANALYSIS = YES;
				CLANG_WARN_STRICT_PROTOTYPES = YES;
				CLANG_WARN_SUSPICIOUS_MOVE = YES;
				CLANG_WARN_UNGUARDED_AVAILABILITY = YES_AGGRESSIVE;
				CLANG_WARN_UNREACHABLE_CODE = YES;
				CLANG_WARN__DUPLICATE_METHOD_MATCH = YES;
				COPY_PHASE_STRIP = NO;
				DEBUG_INFORMATION_FORMAT = dwarf;
				ENABLE_STRICT_OBJC_MSGSEND = YES;
				ENABLE_TESTABILITY = YES;
				GCC_C_LANGUAGE_STANDARD = gnu11;
				GCC_DYNAMIC_NO_PIC = NO;
				GCC_NO_COMMON_BLOCKS = YES;
				GCC_OPTIMIZATION_LEVEL = 0;
				GCC_PREPROCESSOR_DEFINITIONS = (
					"DEBUG=1",
					"$(inherited)",
				);
				GCC_WARN_64_TO_32_BIT_CONVERSION = YES;
				GCC_WARN_ABOUT_RETURN_TYPE = YES_ERROR;
				GCC_WARN_UNDECLARED_SELECTOR = YES;
				GCC_WARN_UNINITIALIZED_AUTOS = YES_AGGRESSIVE;
				GCC_WARN_UNUSED_FUNCTION = YES;
				GCC_WARN_UNUSED_VARIABLE = YES;
				IPHONEOS_DEPLOYMENT_TARGET = 16.4;
				MTL_ENABLE_DEBUG_INFO = INCLUDE_SOURCE;
				MTL_FAST_MATH = YES;
				ONLY_ACTIVE_ARCH = YES;
				SDKROOT = iphoneos;
				SWIFT_ACTIVE_COMPILATION_CONDITIONS = DEBUG;
				SWIFT_OPTIMIZATION_LEVEL = "-Onone";
			};
			name = Debug;
		};
		4000E7152A97CB090030365D /* Release */ = {
			isa = XCBuildConfiguration;
			buildSettings = {
				ALWAYS_SEARCH_USER_PATHS = NO;
				CLANG_ANALYZER_NONNULL = YES;
				CLANG_ANALYZER_NUMBER_OBJECT_CONVERSION = YES_AGGRESSIVE;
				CLANG_CXX_LANGUAGE_STANDARD = "gnu++20";
				CLANG_ENABLE_MODULES = YES;
				CLANG_ENABLE_OBJC_ARC = YES;
				CLANG_ENABLE_OBJC_WEAK = YES;
				CLANG_WARN_BLOCK_CAPTURE_AUTORELEASING = YES;
				CLANG_WARN_BOOL_CONVERSION = YES;
				CLANG_WARN_COMMA = YES;
				CLANG_WARN_CONSTANT_CONVERSION = YES;
				CLANG_WARN_DEPRECATED_OBJC_IMPLEMENTATIONS = YES;
				CLANG_WARN_DIRECT_OBJC_ISA_USAGE = YES_ERROR;
				CLANG_WARN_DOCUMENTATION_COMMENTS = YES;
				CLANG_WARN_EMPTY_BODY = YES;
				CLANG_WARN_ENUM_CONVERSION = YES;
				CLANG_WARN_INFINITE_RECURSION = YES;
				CLANG_WARN_INT_CONVERSION = YES;
				CLANG_WARN_NON_LITERAL_NULL_CONVERSION = YES;
				CLANG_WARN_OBJC_IMPLICIT_RETAIN_SELF = YES;
				CLANG_WARN_OBJC_LITERAL_CONVERSION = YES;
				CLANG_WARN_OBJC_ROOT_CLASS = YES_ERROR;
				CLANG_WARN_QUOTED_INCLUDE_IN_FRAMEWORK_HEADER = YES;
				CLANG_WARN_RANGE_LOOP_ANALYSIS = YES;
				CLANG_WARN_STRICT_PROTOTYPES = YES;
				CLANG_WARN_SUSPICIOUS_MOVE = YES;
				CLANG_WARN_UNGUARDED_AVAILABILITY = YES_AGGRESSIVE;
				CLANG_WARN_UNREACHABLE_CODE = YES;
				CLANG_WARN__DUPLICATE_METHOD_MATCH = YES;
				COPY_PHASE_STRIP = NO;
				DEBUG_INFORMATION_FORMAT = "dwarf-with-dsym";
				ENABLE_NS_ASSERTIONS = NO;
				ENABLE_STRICT_OBJC_MSGSEND = YES;
				GCC_C_LANGUAGE_STANDARD = gnu11;
				GCC_NO_COMMON_BLOCKS = YES;
				GCC_WARN_64_TO_32_BIT_CONVERSION = YES;
				GCC_WARN_ABOUT_RETURN_TYPE = YES_ERROR;
				GCC_WARN_UNDECLARED_SELECTOR = YES;
				GCC_WARN_UNINITIALIZED_AUTOS = YES_AGGRESSIVE;
				GCC_WARN_UNUSED_FUNCTION = YES;
				GCC_WARN_UNUSED_VARIABLE = YES;
				IPHONEOS_DEPLOYMENT_TARGET = 16.4;
				MTL_ENABLE_DEBUG_INFO = NO;
				MTL_FAST_MATH = YES;
				SDKROOT = iphoneos;
				SWIFT_COMPILATION_MODE = wholemodule;
				SWIFT_OPTIMIZATION_LEVEL = "-O";
				VALIDATE_PRODUCT = YES;
			};
			name = Release;
		};
		4000E7172A97CB090030365D /* Debug */ = {
			isa = XCBuildConfiguration;
			buildSettings = {
				ASSETCATALOG_COMPILER_APPICON_NAME = AppIcon;
				ASSETCATALOG_COMPILER_GLOBAL_ACCENT_COLOR_NAME = AccentColor;
				CODE_SIGN_ENTITLEMENTS = CloudKitTest/CloudKitTest.entitlements;
				CODE_SIGN_STYLE = Automatic;
				CURRENT_PROJECT_VERSION = 1;
				DEVELOPMENT_ASSET_PATHS = "\"CloudKitTest/Preview Content\"";
				DEVELOPMENT_TEAM = M9H5R689TD;
				ENABLE_PREVIEWS = YES;
				GENERATE_INFOPLIST_FILE = YES;
				INFOPLIST_KEY_UIApplicationSceneManifest_Generation = YES;
				INFOPLIST_KEY_UIApplicationSupportsIndirectInputEvents = YES;
				INFOPLIST_KEY_UILaunchScreen_Generation = YES;
				INFOPLIST_KEY_UISupportedInterfaceOrientations_iPad = "UIInterfaceOrientationPortrait UIInterfaceOrientationPortraitUpsideDown UIInterfaceOrientationLandscapeLeft UIInterfaceOrientationLandscapeRight";
				INFOPLIST_KEY_UISupportedInterfaceOrientations_iPhone = "UIInterfaceOrientationPortrait UIInterfaceOrientationLandscapeLeft UIInterfaceOrientationLandscapeRight";
				LD_RUNPATH_SEARCH_PATHS = (
					"$(inherited)",
					"@executable_path/Frameworks",
				);
				MARKETING_VERSION = 1.0;
				PRODUCT_BUNDLE_IDENTIFIER = com.GuilhermeNunesLobo.CloudKitTest;
				PRODUCT_NAME = "$(TARGET_NAME)";
				SWIFT_EMIT_LOC_STRINGS = YES;
				SWIFT_VERSION = 5.0;
				TARGETED_DEVICE_FAMILY = "1,2";
			};
			name = Debug;
		};
		4000E7182A97CB090030365D /* Release */ = {
			isa = XCBuildConfiguration;
			buildSettings = {
				ASSETCATALOG_COMPILER_APPICON_NAME = AppIcon;
				ASSETCATALOG_COMPILER_GLOBAL_ACCENT_COLOR_NAME = AccentColor;
				CODE_SIGN_ENTITLEMENTS = CloudKitTest/CloudKitTest.entitlements;
				CODE_SIGN_STYLE = Automatic;
				CURRENT_PROJECT_VERSION = 1;
				DEVELOPMENT_ASSET_PATHS = "\"CloudKitTest/Preview Content\"";
				DEVELOPMENT_TEAM = M9H5R689TD;
				ENABLE_PREVIEWS = YES;
				GENERATE_INFOPLIST_FILE = YES;
				INFOPLIST_KEY_UIApplicationSceneManifest_Generation = YES;
				INFOPLIST_KEY_UIApplicationSupportsIndirectInputEvents = YES;
				INFOPLIST_KEY_UILaunchScreen_Generation = YES;
				INFOPLIST_KEY_UISupportedInterfaceOrientations_iPad = "UIInterfaceOrientationPortrait UIInterfaceOrientationPortraitUpsideDown UIInterfaceOrientationLandscapeLeft UIInterfaceOrientationLandscapeRight";
				INFOPLIST_KEY_UISupportedInterfaceOrientations_iPhone = "UIInterfaceOrientationPortrait UIInterfaceOrientationLandscapeLeft UIInterfaceOrientationLandscapeRight";
				LD_RUNPATH_SEARCH_PATHS = (
					"$(inherited)",
					"@executable_path/Frameworks",
				);
				MARKETING_VERSION = 1.0;
				PRODUCT_BUNDLE_IDENTIFIER = com.GuilhermeNunesLobo.CloudKitTest;
				PRODUCT_NAME = "$(TARGET_NAME)";
				SWIFT_EMIT_LOC_STRINGS = YES;
				SWIFT_VERSION = 5.0;
				TARGETED_DEVICE_FAMILY = "1,2";
			};
			name = Release;
		};
/* End XCBuildConfiguration section */

/* Begin XCConfigurationList section */
		4000E7032A97CB080030365D /* Build configuration list for PBXProject "CloudKitTest" */ = {
			isa = XCConfigurationList;
			buildConfigurations = (
				4000E7142A97CB090030365D /* Debug */,
				4000E7152A97CB090030365D /* Release */,
			);
			defaultConfigurationIsVisible = 0;
			defaultConfigurationName = Release;
		};
		4000E7162A97CB090030365D /* Build configuration list for PBXNativeTarget "CloudKitTest" */ = {
			isa = XCConfigurationList;
			buildConfigurations = (
				4000E7172A97CB090030365D /* Debug */,
				4000E7182A97CB090030365D /* Release */,
			);
			defaultConfigurationIsVisible = 0;
			defaultConfigurationName = Release;
		};
/* End XCConfigurationList section */
	};
	rootObject = 4000E7002A97CB080030365D /* Project object */;
}
